# THIS IS AN AUTOGENERATED FILE. DO NOT EDIT THIS FILE DIRECTLY.
# yarn lockfile v1
"@types/node-uuid@^0.0.28":
  version "0.0.28"
  resolved "https://registry.yarnpkg.com/@types/node-uuid/-/node-uuid-0.0.28.tgz#41655b5ce63b2f3374c4e826b4dd21e729058e3d"
  dependencies:
    "@types/node" "*"

"@types/node@*", "@types/node@^6.0.46":
  version "6.0.48"
  resolved "https://registry.yarnpkg.com/@types/node/-/node-6.0.48.tgz#86ccc15f66b73cbbc5eb3483398936c585122b3c"

"@types/underscore@^1.7.33":
  version "1.7.33"
  resolved "https://registry.yarnpkg.com/@types/underscore/-/underscore-1.7.33.tgz#e63184aedd4a857d501898732bd9bed513a73f3f"

node-uuid@^1.4.7:
  version "1.4.7"
  resolved "https://registry.yarnpkg.com/node-uuid/-/node-uuid-1.4.7.tgz#6da5a17668c4b3dd59623bda11cf7fa4c1f60a6f"

pkginfo@^0.4.0:
  version "0.4.0"
  resolved "https://registry.yarnpkg.com/pkginfo/-/pkginfo-0.4.0.tgz#349dbb7ffd38081fcadc0853df687f0c7744cd65"

underscore@^1.8.3:
  version "1.8.3"
  resolved "https://registry.yarnpkg.com/underscore/-/underscore-1.8.3.tgz#4f3fb53b106e6097fcf9cb4109f2a5e9bdfa5022"

