# THIS IS AN AUTOGENERATED FILE. DO NOT EDIT THIS FILE DIRECTLY.
# yarn lockfile v1
"@types/node", "@types/node@*":
  version "6.0.46"
  resolved "https://registry.yarnpkg.com/@types/node/-/node-6.0.46.tgz#8d9e48572831f05b11cc4c793754d43437219d62"

"@types/node-uuid":
  version "0.0.28"
  resolved "https://registry.yarnpkg.com/@types/node-uuid/-/node-uuid-0.0.28.tgz#41655b5ce63b2f3374c4e826b4dd21e729058e3d"
  dependencies:
    "@types/node" "*"

"@types/underscore":
  version "1.7.33"
  resolved "https://registry.yarnpkg.com/@types/underscore/-/underscore-1.7.33.tgz#e63184aedd4a857d501898732bd9bed513a73f3f"

node-uuid:
  version "1.4.7"
  resolved "https://registry.yarnpkg.com/node-uuid/-/node-uuid-1.4.7.tgz#6da5a17668c4b3dd59623bda11cf7fa4c1f60a6f"

underscore:
  version "1.8.3"
  resolved "https://registry.yarnpkg.com/underscore/-/underscore-1.8.3.tgz#4f3fb53b106e6097fcf9cb4109f2a5e9bdfa5022"

